
Microsoft Visual Studio Solution File, Format Version 12.00
# Visual Studio Version 17
VisualStudioVersion = 17.8.34525.116
MinimumVisualStudioVersion = 10.0.40219.1
Project("{FAE04EC0-301F-11D3-BF4B-00C04F79EFBC}") = "IntroduccionLinq", "IntroduccionLinq\IntroduccionLinq.csproj", "{51715BE0-932F-4D2F-BF78-6FF5C5B6FF0A}"
EndProject
Global
	GlobalSection(SolutionConfigurationPlatforms) = preSolution
		Debug|Any CPU = Debug|Any CPU
		Release|Any CPU = Release|Any CPU
	EndGlobalSection
	GlobalSection(ProjectConfigurationPlatforms) = postSolution
		{51715BE0-932F-4D2F-BF78-6FF5C5B6FF0A}.Debug|Any CPU.ActiveCfg = Debug|Any CPU
		{51715BE0-932F-4D2F-BF78-6FF5C5B6FF0A}.Debug|Any CPU.Build.0 = Debug|Any CPU
		{51715BE0-932F-4D2F-BF78-6FF5C5B6FF0A}.Release|Any CPU.ActiveCfg = Release|Any CPU
		{51715BE0-932F-4D2F-BF78-6FF5C5B6FF0A}.Release|Any CPU.Build.0 = Release|Any CPU
	EndGlobalSection
	GlobalSection(SolutionProperties) = preSolution
		HideSolutionNode = FALSE
	EndGlobalSection
	GlobalSection(ExtensibilityGlobals) = postSolution
		SolutionGuid = {D896BC89-D9C3-4105-9FD2-1C08F0FC2C30}
	EndGlobalSection
EndGlobal
